
Microsoft Visual Studio Solution File, Format Version 12.00
# Visual Studio Version 17
VisualStudioVersion = 17.5.33502.453
MinimumVisualStudioVersion = 10.0.40219.1
Project("{8BC9CEB8-8B4A-11D0-8D11-00A0C91BC942}") = "ProblemMultiwaris", "ProblemMultiwaris\ProblemMultiwaris.vcxproj", "{B879CB10-A6C9-4FE1-AAB2-949F4EAB4AEF}"
EndProject
Project("{8BC9CEB8-8B4A-11D0-8D11-00A0C91BC942}") = "SolveMultiwaris", "solveMultiwaris\solveMultiwaris.vcxproj", "{A492EDBA-90AE-4D2B-8C74-541C902572C7}"
EndProject
Project("{8BC9CEB8-8B4A-11D0-8D11-00A0C91BC942}") = "polimorpi", "polimorpi\polimorpi.vcxproj", "{1F158743-B6B4-4200-A794-37A740687B85}"
EndProject
Project("{8BC9CEB8-8B4A-11D0-8D11-00A0C91BC942}") = "noPewarisan", "noPewarisan\noPewarisan.vcxproj", "{A2541649-D27C-48FC-B576-96DA9716DDC6}"
EndProject
Project("{8BC9CEB8-8B4A-11D0-8D11-00A0C91BC942}") = "NoOverriding", "NoOverriding\NoOverriding.vcxproj", "{41677956-2CA0-4C7B-8733-117B2340D8F3}"
EndProject
Project("{8BC9CEB8-8B4A-11D0-8D11-00A0C91BC942}") = "enkapsulasi", "enkapsulasi\enkapsulasi.vcxproj", "{BB278B7B-3EA3-41AB-8244-4A179A48DCB1}"
EndProject
Project("{8BC9CEB8-8B4A-11D0-8D11-00A0C91BC942}") = "abstraksi", "abstraksi\abstraksi.vcxproj", "{6DFC0397-39A9-42FA-B6E0-5E902B5A671C}"
EndProject
Global
	GlobalSection(SolutionConfigurationPlatforms) = preSolution
		Debug|x64 = Debug|x64
		Debug|x86 = Debug|x86
		Release|x64 = Release|x64
		Release|x86 = Release|x86
	EndGlobalSection
	GlobalSection(ProjectConfigurationPlatforms) = postSolution
		{B879CB10-A6C9-4FE1-AAB2-949F4EAB4AEF}.Debug|x64.ActiveCfg = Debug|x64
		{B879CB10-A6C9-4FE1-AAB2-949F4EAB4AEF}.Debug|x64.Build.0 = Debug|x64
		{B879CB10-A6C9-4FE1-AAB2-949F4EAB4AEF}.Debug|x86.ActiveCfg = Debug|Win32
		{B879CB10-A6C9-4FE1-AAB2-949F4EAB4AEF}.Debug|x86.Build.0 = Debug|Win32
		{B879CB10-A6C9-4FE1-AAB2-949F4EAB4AEF}.Release|x64.ActiveCfg = Release|x64
		{B879CB10-A6C9-4FE1-AAB2-949F4EAB4AEF}.Release|x64.Build.0 = Release|x64
		{B879CB10-A6C9-4FE1-AAB2-949F4EAB4AEF}.Release|x86.ActiveCfg = Release|Win32
		{B879CB10-A6C9-4FE1-AAB2-949F4EAB4AEF}.Release|x86.Build.0 = Release|Win32
		{A492EDBA-90AE-4D2B-8C74-541C902572C7}.Debug|x64.ActiveCfg = Debug|x64
		{A492EDBA-90AE-4D2B-8C74-541C902572C7}.Debug|x64.Build.0 = Debug|x64
		{A492EDBA-90AE-4D2B-8C74-541C902572C7}.Debug|x86.ActiveCfg = Debug|Win32
		{A492EDBA-90AE-4D2B-8C74-541C902572C7}.Debug|x86.Build.0 = Debug|Win32
		{A492EDBA-90AE-4D2B-8C74-541C902572C7}.Release|x64.ActiveCfg = Release|x64
		{A492EDBA-90AE-4D2B-8C74-541C902572C7}.Release|x64.Build.0 = Release|x64
		{A492EDBA-90AE-4D2B-8C74-541C902572C7}.Release|x86.ActiveCfg = Release|Win32
		{A492EDBA-90AE-4D2B-8C74-541C902572C7}.Release|x86.Build.0 = Release|Win32
		{1F158743-B6B4-4200-A794-37A740687B85}.Debug|x64.ActiveCfg = Debug|x64
		{1F158743-B6B4-4200-A794-37A740687B85}.Debug|x64.Build.0 = Debug|x64
		{1F158743-B6B4-4200-A794-37A740687B85}.Debug|x86.ActiveCfg = Debug|Win32
		{1F158743-B6B4-4200-A794-37A740687B85}.Debug|x86.Build.0 = Debug|Win32
		{1F158743-B6B4-4200-A794-37A740687B85}.Release|x64.ActiveCfg = Release|x64
		{1F158743-B6B4-4200-A794-37A740687B85}.Release|x64.Build.0 = Release|x64
		{1F158743-B6B4-4200-A794-37A740687B85}.Release|x86.ActiveCfg = Release|Win32
		{1F158743-B6B4-4200-A794-37A740687B85}.Release|x86.Build.0 = Release|Win32
		{A2541649-D27C-48FC-B576-96DA9716DDC6}.Debug|x64.ActiveCfg = Debug|x64
		{A2541649-D27C-48FC-B576-96DA9716DDC6}.Debug|x64.Build.0 = Debug|x64
		{A2541649-D27C-48FC-B576-96DA9716DDC6}.Debug|x86.ActiveCfg = Debug|Win32
		{A2541649-D27C-48FC-B576-96DA9716DDC6}.Debug|x86.Build.0 = Debug|Win32
		{A2541649-D27C-48FC-B576-96DA9716DDC6}.Release|x64.ActiveCfg = Release|x64
		{A2541649-D27C-48FC-B576-96DA9716DDC6}.Release|x64.Build.0 = Release|x64
		{A2541649-D27C-48FC-B576-96DA9716DDC6}.Release|x86.ActiveCfg = Release|Win32
		{A2541649-D27C-48FC-B576-96DA9716DDC6}.Release|x86.Build.0 = Release|Win32
		{41677956-2CA0-4C7B-8733-117B2340D8F3}.Debug|x64.ActiveCfg = Debug|x64
		{41677956-2CA0-4C7B-8733-117B2340D8F3}.Debug|x64.Build.0 = Debug|x64
		{41677956-2CA0-4C7B-8733-117B2340D8F3}.Debug|x86.ActiveCfg = Debug|Win32
		{41677956-2CA0-4C7B-8733-117B2340D8F3}.Debug|x86.Build.0 = Debug|Win32
		{41677956-2CA0-4C7B-8733-117B2340D8F3}.Release|x64.ActiveCfg = Release|x64
		{41677956-2CA0-4C7B-8733-117B2340D8F3}.Release|x64.Build.0 = Release|x64
		{41677956-2CA0-4C7B-8733-117B2340D8F3}.Release|x86.ActiveCfg = Release|Win32
		{41677956-2CA0-4C7B-8733-117B2340D8F3}.Release|x86.Build.0 = Release|Win32
		{BB278B7B-3EA3-41AB-8244-4A179A48DCB1}.Debug|x64.ActiveCfg = Debug|x64
		{BB278B7B-3EA3-41AB-8244-4A179A48DCB1}.Debug|x64.Build.0 = Debug|x64
		{BB278B7B-3EA3-41AB-8244-4A179A48DCB1}.Debug|x86.ActiveCfg = Debug|Win32
		{BB278B7B-3EA3-41AB-8244-4A179A48DCB1}.Debug|x86.Build.0 = Debug|Win32
		{BB278B7B-3EA3-41AB-8244-4A179A48DCB1}.Release|x64.ActiveCfg = Release|x64
		{BB278B7B-3EA3-41AB-8244-4A179A48DCB1}.Release|x64.Build.0 = Release|x64
		{BB278B7B-3EA3-41AB-8244-4A179A48DCB1}.Release|x86.ActiveCfg = Release|Win32
		{BB278B7B-3EA3-41AB-8244-4A179A48DCB1}.Release|x86.Build.0 = Release|Win32
		{6DFC0397-39A9-42FA-B6E0-5E902B5A671C}.Debug|x64.ActiveCfg = Debug|x64
		{6DFC0397-39A9-42FA-B6E0-5E902B5A671C}.Debug|x64.Build.0 = Debug|x64
		{6DFC0397-39A9-42FA-B6E0-5E902B5A671C}.Debug|x86.ActiveCfg = Debug|Win32
		{6DFC0397-39A9-42FA-B6E0-5E902B5A671C}.Debug|x86.Build.0 = Debug|Win32
		{6DFC0397-39A9-42FA-B6E0-5E902B5A671C}.Release|x64.ActiveCfg = Release|x64
		{6DFC0397-39A9-42FA-B6E0-5E902B5A671C}.Release|x64.Build.0 = Release|x64
		{6DFC0397-39A9-42FA-B6E0-5E902B5A671C}.Release|x86.ActiveCfg = Release|Win32
		{6DFC0397-39A9-42FA-B6E0-5E902B5A671C}.Release|x86.Build.0 = Release|Win32
	EndGlobalSection
	GlobalSection(SolutionProperties) = preSolution
		HideSolutionNode = FALSE
	EndGlobalSection
	GlobalSection(ExtensibilityGlobals) = postSolution
		SolutionGuid = {8F088A0D-DB9A-476D-9F4E-4F0AE5F94A69}
	EndGlobalSection
EndGlobal
